// !$*UTF8*$!
{
	archiveVersion = 1;
	classes = {
	};
	objectVersion = 51;
	objects = {

/* Begin PBXBuildFile section */
		842C0E2A244ABB4E00FAEC07 /* CreateTokenRequest.swift in Sources */ = {isa = PBXBuildFile; fileRef = 842C0E29244ABB4E00FAEC07 /* CreateTokenRequest.swift */; };
		842C0E2C244ABDD800FAEC07 /* CreateSessionRequest.swift in Sources */ = {isa = PBXBuildFile; fileRef = 842C0E2B244ABDD800FAEC07 /* CreateSessionRequest.swift */; };
		842C0E2E244AC07300FAEC07 /* ValidateTokenRequest.swift in Sources */ = {isa = PBXBuildFile; fileRef = 842C0E2D244AC07300FAEC07 /* ValidateTokenRequest.swift */; };
		842C0E30244AC2EB00FAEC07 /* CreateAndValidateTokenResponse.swift in Sources */ = {isa = PBXBuildFile; fileRef = 842C0E2F244AC2EB00FAEC07 /* CreateAndValidateTokenResponse.swift */; };
		842C0E32244AC44B00FAEC07 /* CreateSessionResponse.swift in Sources */ = {isa = PBXBuildFile; fileRef = 842C0E31244AC44B00FAEC07 /* CreateSessionResponse.swift */; };
		842C0E34244AC75200FAEC07 /* UserRepository.swift in Sources */ = {isa = PBXBuildFile; fileRef = 842C0E33244AC75200FAEC07 /* UserRepository.swift */; };
		8432968E24440E5B00DE95D4 /* AppDelegate.swift in Sources */ = {isa = PBXBuildFile; fileRef = 8432968D24440E5B00DE95D4 /* AppDelegate.swift */; };
		8432969024440E5B00DE95D4 /* SceneDelegate.swift in Sources */ = {isa = PBXBuildFile; fileRef = 8432968F24440E5B00DE95D4 /* SceneDelegate.swift */; };
		8432969224440E5B00DE95D4 /* ViewController.swift in Sources */ = {isa = PBXBuildFile; fileRef = 8432969124440E5B00DE95D4 /* ViewController.swift */; };
		8432969524440E5B00DE95D4 /* Main.storyboard in Resources */ = {isa = PBXBuildFile; fileRef = 8432969324440E5B00DE95D4 /* Main.storyboard */; };
		8432969724440E5F00DE95D4 /* Assets.xcassets in Resources */ = {isa = PBXBuildFile; fileRef = 8432969624440E5F00DE95D4 /* Assets.xcassets */; };
		8432969A24440E5F00DE95D4 /* LaunchScreen.storyboard in Resources */ = {isa = PBXBuildFile; fileRef = 8432969824440E5F00DE95D4 /* LaunchScreen.storyboard */; };
		843296A524440E5F00DE95D4 /* FilmMVVMTests.swift in Sources */ = {isa = PBXBuildFile; fileRef = 843296A424440E5F00DE95D4 /* FilmMVVMTests.swift */; };
		843296B32444442300DE95D4 /* Constant.swift in Sources */ = {isa = PBXBuildFile; fileRef = 843296B22444442300DE95D4 /* Constant.swift */; };
		843296B52444446D00DE95D4 /* URLs.swift in Sources */ = {isa = PBXBuildFile; fileRef = 843296B42444446D00DE95D4 /* URLs.swift */; };
		843296BA244452B700DE95D4 /* APIService.swift in Sources */ = {isa = PBXBuildFile; fileRef = 843296B9244452B700DE95D4 /* APIService.swift */; };
		843296BF2444574200DE95D4 /* CustomRequestAdapter.swift in Sources */ = {isa = PBXBuildFile; fileRef = 843296BE2444574200DE95D4 /* CustomRequestAdapter.swift */; };
		843296C12444576200DE95D4 /* BaseRequest.swift in Sources */ = {isa = PBXBuildFile; fileRef = 843296C02444576200DE95D4 /* BaseRequest.swift */; };
		843296C32444579600DE95D4 /* BaseError.swift in Sources */ = {isa = PBXBuildFile; fileRef = 843296C22444579600DE95D4 /* BaseError.swift */; };
		843296C5244457FE00DE95D4 /* ErrorResponse.swift in Sources */ = {isa = PBXBuildFile; fileRef = 843296C4244457FE00DE95D4 /* ErrorResponse.swift */; };
		843296C72444582A00DE95D4 /* HTTPStatusCode.swift in Sources */ = {isa = PBXBuildFile; fileRef = 843296C62444582A00DE95D4 /* HTTPStatusCode.swift */; };
		843296C9244459B600DE95D4 /* BaseModel.swift in Sources */ = {isa = PBXBuildFile; fileRef = 843296C8244459B600DE95D4 /* BaseModel.swift */; };
		843296CB244459DA00DE95D4 /* Movie.swift in Sources */ = {isa = PBXBuildFile; fileRef = 843296CA244459DA00DE95D4 /* Movie.swift */; };
		843296CD24445B0900DE95D4 /* MovieResponse.swift in Sources */ = {isa = PBXBuildFile; fileRef = 843296CC24445B0900DE95D4 /* MovieResponse.swift */; };
		843296CF24445BBA00DE95D4 /* MovieRequest.swift in Sources */ = {isa = PBXBuildFile; fileRef = 843296CE24445BBA00DE95D4 /* MovieRequest.swift */; };
		843296D224445C8A00DE95D4 /* MovieRepository.swift in Sources */ = {isa = PBXBuildFile; fileRef = 843296D124445C8A00DE95D4 /* MovieRepository.swift */; };
		843296D62444642E00DE95D4 /* MainViewController.swift in Sources */ = {isa = PBXBuildFile; fileRef = 843296D52444642E00DE95D4 /* MainViewController.swift */; };
		843296D82444651800DE95D4 /* BindableType.swift in Sources */ = {isa = PBXBuildFile; fileRef = 843296D72444651800DE95D4 /* BindableType.swift */; };
		843296DA2444699A00DE95D4 /* MainViewModel.swift in Sources */ = {isa = PBXBuildFile; fileRef = 843296D92444699A00DE95D4 /* MainViewModel.swift */; };
		843296E224447AE200DE95D4 /* MovieDetailViewModel.swift in Sources */ = {isa = PBXBuildFile; fileRef = 843296E124447AE200DE95D4 /* MovieDetailViewModel.swift */; };
		843296E424447AF000DE95D4 /* MovieDetailViewController.swift in Sources */ = {isa = PBXBuildFile; fileRef = 843296E324447AF000DE95D4 /* MovieDetailViewController.swift */; };
		8433EA4E244D99670037399A /* User.swift in Sources */ = {isa = PBXBuildFile; fileRef = 8433EA4D244D99670037399A /* User.swift */; };
		8433EA51244D9C2C0037399A /* UserInfoRequest.swift in Sources */ = {isa = PBXBuildFile; fileRef = 8433EA50244D9C2C0037399A /* UserInfoRequest.swift */; };
		8435ACC82446FDE600E30252 /* MovieCell.swift in Sources */ = {isa = PBXBuildFile; fileRef = 8435ACC62446FDE600E30252 /* MovieCell.swift */; };
		8435ACCB244722DD00E30252 /* MovieDetailRepository.swift in Sources */ = {isa = PBXBuildFile; fileRef = 8435ACCA244722DD00E30252 /* MovieDetailRepository.swift */; };
		8435ACCD244723DD00E30252 /* MovieDetailRequest.swift in Sources */ = {isa = PBXBuildFile; fileRef = 8435ACCC244723DD00E30252 /* MovieDetailRequest.swift */; };
		8438BEBC24499570003FC364 /* BaseTabBarViewController.swift in Sources */ = {isa = PBXBuildFile; fileRef = 8438BEBB24499570003FC364 /* BaseTabBarViewController.swift */; };
		8438BEC0244997DA003FC364 /* LoginViewController.swift in Sources */ = {isa = PBXBuildFile; fileRef = 8438BEBF244997DA003FC364 /* LoginViewController.swift */; };
		8438BEC224499848003FC364 /* LoginViewModel.swift in Sources */ = {isa = PBXBuildFile; fileRef = 8438BEC124499848003FC364 /* LoginViewModel.swift */; };
		8438BEC42449A7EB003FC364 /* MovieSearchRequest.swift in Sources */ = {isa = PBXBuildFile; fileRef = 8438BEC32449A7EB003FC364 /* MovieSearchRequest.swift */; };
		B9129D280BAF9ED447BCA78C /* Pods_FilmMVVM.framework in Frameworks */ = {isa = PBXBuildFile; fileRef = 3EDB1C2F5D67E13A5961581B /* Pods_FilmMVVM.framework */; };
		BFD0BC7123809E5816420245 /* Pods_FilmMVVMTests.framework in Frameworks */ = {isa = PBXBuildFile; fileRef = B2684D0960F18449C63223BA /* Pods_FilmMVVMTests.framework */; };
/* End PBXBuildFile section */

/* Begin PBXContainerItemProxy section */
		843296A124440E5F00DE95D4 /* PBXContainerItemProxy */ = {
			isa = PBXContainerItemProxy;
			containerPortal = 8432968224440E5B00DE95D4 /* Project object */;
			proxyType = 1;
			remoteGlobalIDString = 8432968924440E5B00DE95D4;
			remoteInfo = FilmMVVM;
		};
/* End PBXContainerItemProxy section */

/* Begin PBXFileReference section */
		03A6F7B83FC91FC6623FDC58 /* Pods-FilmMVVMTests.debug.xcconfig */ = {isa = PBXFileReference; includeInIndex = 1; lastKnownFileType = text.xcconfig; name = "Pods-FilmMVVMTests.debug.xcconfig"; path = "Target Support Files/Pods-FilmMVVMTests/Pods-FilmMVVMTests.debug.xcconfig"; sourceTree = "<group>"; };
		3EDB1C2F5D67E13A5961581B /* Pods_FilmMVVM.framework */ = {isa = PBXFileReference; explicitFileType = wrapper.framework; includeInIndex = 0; path = Pods_FilmMVVM.framework; sourceTree = BUILT_PRODUCTS_DIR; };
		41B9C8F70614567BBAD56300 /* Pods-FilmMVVM.release.xcconfig */ = {isa = PBXFileReference; includeInIndex = 1; lastKnownFileType = text.xcconfig; name = "Pods-FilmMVVM.release.xcconfig"; path = "Target Support Files/Pods-FilmMVVM/Pods-FilmMVVM.release.xcconfig"; sourceTree = "<group>"; };
		45E51128B7AAF730E82B2FE8 /* Pods-FilmMVVM.debug.xcconfig */ = {isa = PBXFileReference; includeInIndex = 1; lastKnownFileType = text.xcconfig; name = "Pods-FilmMVVM.debug.xcconfig"; path = "Target Support Files/Pods-FilmMVVM/Pods-FilmMVVM.debug.xcconfig"; sourceTree = "<group>"; };
		842C0E29244ABB4E00FAEC07 /* CreateTokenRequest.swift */ = {isa = PBXFileReference; lastKnownFileType = sourcecode.swift; path = CreateTokenRequest.swift; sourceTree = "<group>"; };
		842C0E2B244ABDD800FAEC07 /* CreateSessionRequest.swift */ = {isa = PBXFileReference; lastKnownFileType = sourcecode.swift; path = CreateSessionRequest.swift; sourceTree = "<group>"; };
		842C0E2D244AC07300FAEC07 /* ValidateTokenRequest.swift */ = {isa = PBXFileReference; lastKnownFileType = sourcecode.swift; path = ValidateTokenRequest.swift; sourceTree = "<group>"; };
		842C0E2F244AC2EB00FAEC07 /* CreateAndValidateTokenResponse.swift */ = {isa = PBXFileReference; lastKnownFileType = sourcecode.swift; path = CreateAndValidateTokenResponse.swift; sourceTree = "<group>"; };
		842C0E31244AC44B00FAEC07 /* CreateSessionResponse.swift */ = {isa = PBXFileReference; lastKnownFileType = sourcecode.swift; path = CreateSessionResponse.swift; sourceTree = "<group>"; };
		842C0E33244AC75200FAEC07 /* UserRepository.swift */ = {isa = PBXFileReference; lastKnownFileType = sourcecode.swift; path = UserRepository.swift; sourceTree = "<group>"; };
		8432968A24440E5B00DE95D4 /* FilmMVVM.app */ = {isa = PBXFileReference; explicitFileType = wrapper.application; includeInIndex = 0; path = FilmMVVM.app; sourceTree = BUILT_PRODUCTS_DIR; };
		8432968D24440E5B00DE95D4 /* AppDelegate.swift */ = {isa = PBXFileReference; lastKnownFileType = sourcecode.swift; path = AppDelegate.swift; sourceTree = "<group>"; };
		8432968F24440E5B00DE95D4 /* SceneDelegate.swift */ = {isa = PBXFileReference; lastKnownFileType = sourcecode.swift; path = SceneDelegate.swift; sourceTree = "<group>"; };
		8432969124440E5B00DE95D4 /* ViewController.swift */ = {isa = PBXFileReference; lastKnownFileType = sourcecode.swift; path = ViewController.swift; sourceTree = "<group>"; };
		8432969424440E5B00DE95D4 /* Base */ = {isa = PBXFileReference; lastKnownFileType = file.storyboard; name = Base; path = Base.lproj/Main.storyboard; sourceTree = "<group>"; };
		8432969624440E5F00DE95D4 /* Assets.xcassets */ = {isa = PBXFileReference; lastKnownFileType = folder.assetcatalog; path = Assets.xcassets; sourceTree = "<group>"; };
		8432969924440E5F00DE95D4 /* Base */ = {isa = PBXFileReference; lastKnownFileType = file.storyboard; name = Base; path = Base.lproj/LaunchScreen.storyboard; sourceTree = "<group>"; };
		8432969B24440E5F00DE95D4 /* Info.plist */ = {isa = PBXFileReference; lastKnownFileType = text.plist.xml; path = Info.plist; sourceTree = "<group>"; };
		843296A024440E5F00DE95D4 /* FilmMVVMTests.xctest */ = {isa = PBXFileReference; explicitFileType = wrapper.cfbundle; includeInIndex = 0; path = FilmMVVMTests.xctest; sourceTree = BUILT_PRODUCTS_DIR; };
		843296A424440E5F00DE95D4 /* FilmMVVMTests.swift */ = {isa = PBXFileReference; lastKnownFileType = sourcecode.swift; path = FilmMVVMTests.swift; sourceTree = "<group>"; };
		843296A624440E5F00DE95D4 /* Info.plist */ = {isa = PBXFileReference; lastKnownFileType = text.plist.xml; path = Info.plist; sourceTree = "<group>"; };
		843296B22444442300DE95D4 /* Constant.swift */ = {isa = PBXFileReference; lastKnownFileType = sourcecode.swift; path = Constant.swift; sourceTree = "<group>"; };
		843296B42444446D00DE95D4 /* URLs.swift */ = {isa = PBXFileReference; lastKnownFileType = sourcecode.swift; path = URLs.swift; sourceTree = "<group>"; };
		843296B9244452B700DE95D4 /* APIService.swift */ = {isa = PBXFileReference; lastKnownFileType = sourcecode.swift; path = APIService.swift; sourceTree = "<group>"; };
		843296BE2444574200DE95D4 /* CustomRequestAdapter.swift */ = {isa = PBXFileReference; lastKnownFileType = sourcecode.swift; path = CustomRequestAdapter.swift; sourceTree = "<group>"; };
		843296C02444576200DE95D4 /* BaseRequest.swift */ = {isa = PBXFileReference; lastKnownFileType = sourcecode.swift; path = BaseRequest.swift; sourceTree = "<group>"; };
		843296C22444579600DE95D4 /* BaseError.swift */ = {isa = PBXFileReference; lastKnownFileType = sourcecode.swift; path = BaseError.swift; sourceTree = "<group>"; };
		843296C4244457FE00DE95D4 /* ErrorResponse.swift */ = {isa = PBXFileReference; lastKnownFileType = sourcecode.swift; path = ErrorResponse.swift; sourceTree = "<group>"; };
		843296C62444582A00DE95D4 /* HTTPStatusCode.swift */ = {isa = PBXFileReference; lastKnownFileType = sourcecode.swift; path = HTTPStatusCode.swift; sourceTree = "<group>"; };
		843296C8244459B600DE95D4 /* BaseModel.swift */ = {isa = PBXFileReference; lastKnownFileType = sourcecode.swift; path = BaseModel.swift; sourceTree = "<group>"; };
		843296CA244459DA00DE95D4 /* Movie.swift */ = {isa = PBXFileReference; lastKnownFileType = sourcecode.swift; path = Movie.swift; sourceTree = "<group>"; };
		843296CC24445B0900DE95D4 /* MovieResponse.swift */ = {isa = PBXFileReference; lastKnownFileType = sourcecode.swift; path = MovieResponse.swift; sourceTree = "<group>"; };
		843296CE24445BBA00DE95D4 /* MovieRequest.swift */ = {isa = PBXFileReference; lastKnownFileType = sourcecode.swift; path = MovieRequest.swift; sourceTree = "<group>"; };
		843296D124445C8A00DE95D4 /* MovieRepository.swift */ = {isa = PBXFileReference; lastKnownFileType = sourcecode.swift; path = MovieRepository.swift; sourceTree = "<group>"; };
		843296D52444642E00DE95D4 /* MainViewController.swift */ = {isa = PBXFileReference; lastKnownFileType = sourcecode.swift; path = MainViewController.swift; sourceTree = "<group>"; };
		843296D72444651800DE95D4 /* BindableType.swift */ = {isa = PBXFileReference; lastKnownFileType = sourcecode.swift; path = BindableType.swift; sourceTree = "<group>"; };
		843296D92444699A00DE95D4 /* MainViewModel.swift */ = {isa = PBXFileReference; lastKnownFileType = sourcecode.swift; path = MainViewModel.swift; sourceTree = "<group>"; };
		843296E124447AE200DE95D4 /* MovieDetailViewModel.swift */ = {isa = PBXFileReference; lastKnownFileType = sourcecode.swift; path = MovieDetailViewModel.swift; sourceTree = "<group>"; };
		843296E324447AF000DE95D4 /* MovieDetailViewController.swift */ = {isa = PBXFileReference; lastKnownFileType = sourcecode.swift; path = MovieDetailViewController.swift; sourceTree = "<group>"; };
		8433EA4D244D99670037399A /* User.swift */ = {isa = PBXFileReference; lastKnownFileType = sourcecode.swift; path = User.swift; sourceTree = "<group>"; };
		8433EA50244D9C2C0037399A /* UserInfoRequest.swift */ = {isa = PBXFileReference; lastKnownFileType = sourcecode.swift; path = UserInfoRequest.swift; sourceTree = "<group>"; };
		8435ACC62446FDE600E30252 /* MovieCell.swift */ = {isa = PBXFileReference; lastKnownFileType = sourcecode.swift; path = MovieCell.swift; sourceTree = "<group>"; };
		8435ACCA244722DD00E30252 /* MovieDetailRepository.swift */ = {isa = PBXFileReference; lastKnownFileType = sourcecode.swift; path = MovieDetailRepository.swift; sourceTree = "<group>"; };
		8435ACCC244723DD00E30252 /* MovieDetailRequest.swift */ = {isa = PBXFileReference; lastKnownFileType = sourcecode.swift; path = MovieDetailRequest.swift; sourceTree = "<group>"; };
		8438BEBB24499570003FC364 /* BaseTabBarViewController.swift */ = {isa = PBXFileReference; lastKnownFileType = sourcecode.swift; path = BaseTabBarViewController.swift; sourceTree = "<group>"; };
		8438BEBF244997DA003FC364 /* LoginViewController.swift */ = {isa = PBXFileReference; lastKnownFileType = sourcecode.swift; path = LoginViewController.swift; sourceTree = "<group>"; };
		8438BEC124499848003FC364 /* LoginViewModel.swift */ = {isa = PBXFileReference; lastKnownFileType = sourcecode.swift; path = LoginViewModel.swift; sourceTree = "<group>"; };
		8438BEC32449A7EB003FC364 /* MovieSearchRequest.swift */ = {isa = PBXFileReference; lastKnownFileType = sourcecode.swift; path = MovieSearchRequest.swift; sourceTree = "<group>"; };
		B04554BFE430087E449756AE /* Pods-FilmMVVMTests.release.xcconfig */ = {isa = PBXFileReference; includeInIndex = 1; lastKnownFileType = text.xcconfig; name = "Pods-FilmMVVMTests.release.xcconfig"; path = "Target Support Files/Pods-FilmMVVMTests/Pods-FilmMVVMTests.release.xcconfig"; sourceTree = "<group>"; };
		B2684D0960F18449C63223BA /* Pods_FilmMVVMTests.framework */ = {isa = PBXFileReference; explicitFileType = wrapper.framework; includeInIndex = 0; path = Pods_FilmMVVMTests.framework; sourceTree = BUILT_PRODUCTS_DIR; };
/* End PBXFileReference section */

/* Begin PBXFrameworksBuildPhase section */
		8432968724440E5B00DE95D4 /* Frameworks */ = {
			isa = PBXFrameworksBuildPhase;
			buildActionMask = 2147483647;
			files = (
				B9129D280BAF9ED447BCA78C /* Pods_FilmMVVM.framework in Frameworks */,
			);
			runOnlyForDeploymentPostprocessing = 0;
		};
		8432969D24440E5F00DE95D4 /* Frameworks */ = {
			isa = PBXFrameworksBuildPhase;
			buildActionMask = 2147483647;
			files = (
				BFD0BC7123809E5816420245 /* Pods_FilmMVVMTests.framework in Frameworks */,
			);
			runOnlyForDeploymentPostprocessing = 0;
		};
/* End PBXFrameworksBuildPhase section */

/* Begin PBXGroup section */
		3E8EF6DE3C777A21F560F8CC /* Frameworks */ = {
			isa = PBXGroup;
			children = (
				3EDB1C2F5D67E13A5961581B /* Pods_FilmMVVM.framework */,
				B2684D0960F18449C63223BA /* Pods_FilmMVVMTests.framework */,
			);
			name = Frameworks;
			sourceTree = "<group>";
		};
		8178DB6F43AB5358295C4978 /* Pods */ = {
			isa = PBXGroup;
			children = (
				45E51128B7AAF730E82B2FE8 /* Pods-FilmMVVM.debug.xcconfig */,
				41B9C8F70614567BBAD56300 /* Pods-FilmMVVM.release.xcconfig */,
				03A6F7B83FC91FC6623FDC58 /* Pods-FilmMVVMTests.debug.xcconfig */,
				B04554BFE430087E449756AE /* Pods-FilmMVVMTests.release.xcconfig */,
			);
			path = Pods;
			sourceTree = "<group>";
		};
		842C0E28244ABB1300FAEC07 /* Authentication */ = {
			isa = PBXGroup;
			children = (
				842C0E29244ABB4E00FAEC07 /* CreateTokenRequest.swift */,
				842C0E2B244ABDD800FAEC07 /* CreateSessionRequest.swift */,
				842C0E2D244AC07300FAEC07 /* ValidateTokenRequest.swift */,
			);
			path = Authentication;
			sourceTree = "<group>";
		};
		8432968124440E5B00DE95D4 = {
			isa = PBXGroup;
			children = (
				8432968C24440E5B00DE95D4 /* FilmMVVM */,
				843296A324440E5F00DE95D4 /* FilmMVVMTests */,
				8432968B24440E5B00DE95D4 /* Products */,
				8178DB6F43AB5358295C4978 /* Pods */,
				3E8EF6DE3C777A21F560F8CC /* Frameworks */,
			);
			sourceTree = "<group>";
		};
		8432968B24440E5B00DE95D4 /* Products */ = {
			isa = PBXGroup;
			children = (
				8432968A24440E5B00DE95D4 /* FilmMVVM.app */,
				843296A024440E5F00DE95D4 /* FilmMVVMTests.xctest */,
			);
			name = Products;
			sourceTree = "<group>";
		};
		8432968C24440E5B00DE95D4 /* FilmMVVM */ = {
			isa = PBXGroup;
			children = (
				843296B724444EE900DE95D4 /* Scenes */,
				843296B624444ED800DE95D4 /* Platform */,
				843296B12444440500DE95D4 /* Utils */,
				843296AF244420DC00DE95D4 /* Domain */,
				8432968D24440E5B00DE95D4 /* AppDelegate.swift */,
				8432968F24440E5B00DE95D4 /* SceneDelegate.swift */,
				8432969124440E5B00DE95D4 /* ViewController.swift */,
				8432969324440E5B00DE95D4 /* Main.storyboard */,
				8432969624440E5F00DE95D4 /* Assets.xcassets */,
				8432969824440E5F00DE95D4 /* LaunchScreen.storyboard */,
				8432969B24440E5F00DE95D4 /* Info.plist */,
			);
			path = FilmMVVM;
			sourceTree = "<group>";
		};
		843296A324440E5F00DE95D4 /* FilmMVVMTests */ = {
			isa = PBXGroup;
			children = (
				843296A424440E5F00DE95D4 /* FilmMVVMTests.swift */,
				843296A624440E5F00DE95D4 /* Info.plist */,
			);
			path = FilmMVVMTests;
			sourceTree = "<group>";
		};
		843296AF244420DC00DE95D4 /* Domain */ = {
			isa = PBXGroup;
			children = (
				843296B0244420E300DE95D4 /* Models */,
			);
			path = Domain;
			sourceTree = "<group>";
		};
		843296B0244420E300DE95D4 /* Models */ = {
			isa = PBXGroup;
			children = (
				843296C8244459B600DE95D4 /* BaseModel.swift */,
				843296CA244459DA00DE95D4 /* Movie.swift */,
				8433EA4D244D99670037399A /* User.swift */,
			);
			path = Models;
			sourceTree = "<group>";
		};
		843296B12444440500DE95D4 /* Utils */ = {
			isa = PBXGroup;
			children = (
				843296B22444442300DE95D4 /* Constant.swift */,
				843296B42444446D00DE95D4 /* URLs.swift */,
			);
			path = Utils;
			sourceTree = "<group>";
		};
		843296B624444ED800DE95D4 /* Platform */ = {
			isa = PBXGroup;
			children = (
				843296D024445C4600DE95D4 /* Repositories */,
				843296B82444517000DE95D4 /* Services */,
			);
			path = Platform;
			sourceTree = "<group>";
		};
		843296B724444EE900DE95D4 /* Scenes */ = {
			isa = PBXGroup;
			children = (
				8438BEBD24499784003FC364 /* PersonalContent */,
				8438BEBA2449953E003FC364 /* TabbarMenu */,
				843296D72444651800DE95D4 /* BindableType.swift */,
				843296E024447AB800DE95D4 /* MovieDetail */,
				843296D3244463EE00DE95D4 /* Main */,
			);
			path = Scenes;
			sourceTree = "<group>";
		};
		843296B82444517000DE95D4 /* Services */ = {
			isa = PBXGroup;
			children = (
				843296BD244456FD00DE95D4 /* Error */,
				843296BC244456F000DE95D4 /* Response */,
				843296BB244456E200DE95D4 /* Request */,
				843296B9244452B700DE95D4 /* APIService.swift */,
			);
			path = Services;
			sourceTree = "<group>";
		};
		843296BB244456E200DE95D4 /* Request */ = {
			isa = PBXGroup;
			children = (
				8433EA4F244D9C1D0037399A /* User */,
				842C0E28244ABB1300FAEC07 /* Authentication */,
				843296BE2444574200DE95D4 /* CustomRequestAdapter.swift */,
				843296C02444576200DE95D4 /* BaseRequest.swift */,
				843296CE24445BBA00DE95D4 /* MovieRequest.swift */,
				8435ACCC244723DD00E30252 /* MovieDetailRequest.swift */,
				8438BEC32449A7EB003FC364 /* MovieSearchRequest.swift */,
			);
			path = Request;
			sourceTree = "<group>";
		};
		843296BC244456F000DE95D4 /* Response */ = {
			isa = PBXGroup;
			children = (
				8433EA52244D9D7C0037399A /* Authentication */,
				843296CC24445B0900DE95D4 /* MovieResponse.swift */,
			);
			path = Response;
			sourceTree = "<group>";
		};
		843296BD244456FD00DE95D4 /* Error */ = {
			isa = PBXGroup;
			children = (
				843296C22444579600DE95D4 /* BaseError.swift */,
				843296C4244457FE00DE95D4 /* ErrorResponse.swift */,
				843296C62444582A00DE95D4 /* HTTPStatusCode.swift */,
			);
			path = Error;
			sourceTree = "<group>";
		};
		843296D024445C4600DE95D4 /* Repositories */ = {
			isa = PBXGroup;
			children = (
				843296D124445C8A00DE95D4 /* MovieRepository.swift */,
				8435ACCA244722DD00E30252 /* MovieDetailRepository.swift */,
				842C0E33244AC75200FAEC07 /* UserRepository.swift */,
			);
			path = Repositories;
			sourceTree = "<group>";
		};
		843296D3244463EE00DE95D4 /* Main */ = {
			isa = PBXGroup;
			children = (
				843296D42444640A00DE95D4 /* Cell */,
				843296D52444642E00DE95D4 /* MainViewController.swift */,
				843296D92444699A00DE95D4 /* MainViewModel.swift */,
			);
			path = Main;
			sourceTree = "<group>";
		};
		843296D42444640A00DE95D4 /* Cell */ = {
			isa = PBXGroup;
			children = (
				8435ACC62446FDE600E30252 /* MovieCell.swift */,
			);
			path = Cell;
			sourceTree = "<group>";
		};
		843296E024447AB800DE95D4 /* MovieDetail */ = {
			isa = PBXGroup;
			children = (
				843296E124447AE200DE95D4 /* MovieDetailViewModel.swift */,
				843296E324447AF000DE95D4 /* MovieDetailViewController.swift */,
			);
			path = MovieDetail;
			sourceTree = "<group>";
		};
		8433EA4F244D9C1D0037399A /* User */ = {
			isa = PBXGroup;
			children = (
				8433EA50244D9C2C0037399A /* UserInfoRequest.swift */,
			);
			path = User;
			sourceTree = "<group>";
		};
		8433EA52244D9D7C0037399A /* Authentication */ = {
			isa = PBXGroup;
			children = (
				842C0E2F244AC2EB00FAEC07 /* CreateAndValidateTokenResponse.swift */,
				842C0E31244AC44B00FAEC07 /* CreateSessionResponse.swift */,
			);
			path = Authentication;
			sourceTree = "<group>";
		};
		8438BEBA2449953E003FC364 /* TabbarMenu */ = {
			isa = PBXGroup;
			children = (
				8438BEBB24499570003FC364 /* BaseTabBarViewController.swift */,
			);
			path = TabbarMenu;
			sourceTree = "<group>";
		};
		8438BEBD24499784003FC364 /* PersonalContent */ = {
			isa = PBXGroup;
			children = (
				8438BEBE244997B5003FC364 /* Login */,
			);
			path = PersonalContent;
			sourceTree = "<group>";
		};
		8438BEBE244997B5003FC364 /* Login */ = {
			isa = PBXGroup;
			children = (
				8438BEBF244997DA003FC364 /* LoginViewController.swift */,
				8438BEC124499848003FC364 /* LoginViewModel.swift */,
			);
			path = Login;
			sourceTree = "<group>";
		};
/* End PBXGroup section */

/* Begin PBXNativeTarget section */
		8432968924440E5B00DE95D4 /* FilmMVVM */ = {
			isa = PBXNativeTarget;
			buildConfigurationList = 843296A924440E5F00DE95D4 /* Build configuration list for PBXNativeTarget "FilmMVVM" */;
			buildPhases = (
				36B55479B9CBFB52BB4F43C4 /* [CP] Check Pods Manifest.lock */,
				8432968624440E5B00DE95D4 /* Sources */,
				8432968724440E5B00DE95D4 /* Frameworks */,
				8432968824440E5B00DE95D4 /* Resources */,
				FE1990FC5B7F90B6F5FFFA60 /* [CP] Embed Pods Frameworks */,
			);
			buildRules = (
			);
			dependencies = (
			);
			name = FilmMVVM;
			productName = FilmMVVM;
			productReference = 8432968A24440E5B00DE95D4 /* FilmMVVM.app */;
			productType = "com.apple.product-type.application";
		};
		8432969F24440E5F00DE95D4 /* FilmMVVMTests */ = {
			isa = PBXNativeTarget;
			buildConfigurationList = 843296AC24440E5F00DE95D4 /* Build configuration list for PBXNativeTarget "FilmMVVMTests" */;
			buildPhases = (
				DB3317DA5701553BFF1524EA /* [CP] Check Pods Manifest.lock */,
				8432969C24440E5F00DE95D4 /* Sources */,
				8432969D24440E5F00DE95D4 /* Frameworks */,
				8432969E24440E5F00DE95D4 /* Resources */,
			);
			buildRules = (
			);
			dependencies = (
				843296A224440E5F00DE95D4 /* PBXTargetDependency */,
			);
			name = FilmMVVMTests;
			productName = FilmMVVMTests;
			productReference = 843296A024440E5F00DE95D4 /* FilmMVVMTests.xctest */;
			productType = "com.apple.product-type.bundle.unit-test";
		};
/* End PBXNativeTarget section */

/* Begin PBXProject section */
		8432968224440E5B00DE95D4 /* Project object */ = {
			isa = PBXProject;
			attributes = {
				LastSwiftUpdateCheck = 1140;
				LastUpgradeCheck = 1140;
				ORGANIZATIONNAME = HieuPM;
				TargetAttributes = {
					8432968924440E5B00DE95D4 = {
						CreatedOnToolsVersion = 11.4;
					};
					8432969F24440E5F00DE95D4 = {
						CreatedOnToolsVersion = 11.4;
						TestTargetID = 8432968924440E5B00DE95D4;
					};
				};
			};
			buildConfigurationList = 8432968524440E5B00DE95D4 /* Build configuration list for PBXProject "FilmMVVM" */;
			compatibilityVersion = "Xcode 9.3";
			developmentRegion = en;
			hasScannedForEncodings = 0;
			knownRegions = (
				en,
				Base,
			);
			mainGroup = 8432968124440E5B00DE95D4;
			productRefGroup = 8432968B24440E5B00DE95D4 /* Products */;
			projectDirPath = "";
			projectRoot = "";
			targets = (
				8432968924440E5B00DE95D4 /* FilmMVVM */,
				8432969F24440E5F00DE95D4 /* FilmMVVMTests */,
			);
		};
/* End PBXProject section */

/* Begin PBXResourcesBuildPhase section */
		8432968824440E5B00DE95D4 /* Resources */ = {
			isa = PBXResourcesBuildPhase;
			buildActionMask = 2147483647;
			files = (
				8432969A24440E5F00DE95D4 /* LaunchScreen.storyboard in Resources */,
				8432969724440E5F00DE95D4 /* Assets.xcassets in Resources */,
				8432969524440E5B00DE95D4 /* Main.storyboard in Resources */,
			);
			runOnlyForDeploymentPostprocessing = 0;
		};
		8432969E24440E5F00DE95D4 /* Resources */ = {
			isa = PBXResourcesBuildPhase;
			buildActionMask = 2147483647;
			files = (
			);
			runOnlyForDeploymentPostprocessing = 0;
		};
/* End PBXResourcesBuildPhase section */

/* Begin PBXShellScriptBuildPhase section */
		36B55479B9CBFB52BB4F43C4 /* [CP] Check Pods Manifest.lock */ = {
			isa = PBXShellScriptBuildPhase;
			buildActionMask = 2147483647;
			files = (
			);
			inputFileListPaths = (
			);
			inputPaths = (
				"${PODS_PODFILE_DIR_PATH}/Podfile.lock",
				"${PODS_ROOT}/Manifest.lock",
			);
			name = "[CP] Check Pods Manifest.lock";
			outputFileListPaths = (
			);
			outputPaths = (
				"$(DERIVED_FILE_DIR)/Pods-FilmMVVM-checkManifestLockResult.txt",
			);
			runOnlyForDeploymentPostprocessing = 0;
			shellPath = /bin/sh;
			shellScript = "diff \"${PODS_PODFILE_DIR_PATH}/Podfile.lock\" \"${PODS_ROOT}/Manifest.lock\" > /dev/null\nif [ $? != 0 ] ; then\n    # print error to STDERR\n    echo \"error: The sandbox is not in sync with the Podfile.lock. Run 'pod install' or update your CocoaPods installation.\" >&2\n    exit 1\nfi\n# This output is used by Xcode 'outputs' to avoid re-running this script phase.\necho \"SUCCESS\" > \"${SCRIPT_OUTPUT_FILE_0}\"\n";
			showEnvVarsInLog = 0;
		};
		DB3317DA5701553BFF1524EA /* [CP] Check Pods Manifest.lock */ = {
			isa = PBXShellScriptBuildPhase;
			buildActionMask = 2147483647;
			files = (
			);
			inputFileListPaths = (
			);
			inputPaths = (
				"${PODS_PODFILE_DIR_PATH}/Podfile.lock",
				"${PODS_ROOT}/Manifest.lock",
			);
			name = "[CP] Check Pods Manifest.lock";
			outputFileListPaths = (
			);
			outputPaths = (
				"$(DERIVED_FILE_DIR)/Pods-FilmMVVMTests-checkManifestLockResult.txt",
			);
			runOnlyForDeploymentPostprocessing = 0;
			shellPath = /bin/sh;
			shellScript = "diff \"${PODS_PODFILE_DIR_PATH}/Podfile.lock\" \"${PODS_ROOT}/Manifest.lock\" > /dev/null\nif [ $? != 0 ] ; then\n    # print error to STDERR\n    echo \"error: The sandbox is not in sync with the Podfile.lock. Run 'pod install' or update your CocoaPods installation.\" >&2\n    exit 1\nfi\n# This output is used by Xcode 'outputs' to avoid re-running this script phase.\necho \"SUCCESS\" > \"${SCRIPT_OUTPUT_FILE_0}\"\n";
			showEnvVarsInLog = 0;
		};
		FE1990FC5B7F90B6F5FFFA60 /* [CP] Embed Pods Frameworks */ = {
			isa = PBXShellScriptBuildPhase;
			buildActionMask = 2147483647;
			files = (
			);
			inputFileListPaths = (
				"${PODS_ROOT}/Target Support Files/Pods-FilmMVVM/Pods-FilmMVVM-frameworks-${CONFIGURATION}-input-files.xcfilelist",
			);
			name = "[CP] Embed Pods Frameworks";
			outputFileListPaths = (
				"${PODS_ROOT}/Target Support Files/Pods-FilmMVVM/Pods-FilmMVVM-frameworks-${CONFIGURATION}-output-files.xcfilelist",
			);
			runOnlyForDeploymentPostprocessing = 0;
			shellPath = /bin/sh;
			shellScript = "\"${PODS_ROOT}/Target Support Files/Pods-FilmMVVM/Pods-FilmMVVM-frameworks.sh\"\n";
			showEnvVarsInLog = 0;
		};
/* End PBXShellScriptBuildPhase section */

/* Begin PBXSourcesBuildPhase section */
		8432968624440E5B00DE95D4 /* Sources */ = {
			isa = PBXSourcesBuildPhase;
			buildActionMask = 2147483647;
			files = (
				842C0E30244AC2EB00FAEC07 /* CreateAndValidateTokenResponse.swift in Sources */,
				843296D224445C8A00DE95D4 /* MovieRepository.swift in Sources */,
				843296C12444576200DE95D4 /* BaseRequest.swift in Sources */,
				843296B52444446D00DE95D4 /* URLs.swift in Sources */,
				8432969224440E5B00DE95D4 /* ViewController.swift in Sources */,
				842C0E32244AC44B00FAEC07 /* CreateSessionResponse.swift in Sources */,
				842C0E34244AC75200FAEC07 /* UserRepository.swift in Sources */,
				843296E424447AF000DE95D4 /* MovieDetailViewController.swift in Sources */,
				8432968E24440E5B00DE95D4 /* AppDelegate.swift in Sources */,
				8438BEC42449A7EB003FC364 /* MovieSearchRequest.swift in Sources */,
				8432969024440E5B00DE95D4 /* SceneDelegate.swift in Sources */,
				843296CF24445BBA00DE95D4 /* MovieRequest.swift in Sources */,
				8433EA51244D9C2C0037399A /* UserInfoRequest.swift in Sources */,
				8438BEC224499848003FC364 /* LoginViewModel.swift in Sources */,
				8433EA4E244D99670037399A /* User.swift in Sources */,
				8438BEBC24499570003FC364 /* BaseTabBarViewController.swift in Sources */,
				843296D62444642E00DE95D4 /* MainViewController.swift in Sources */,
				843296C5244457FE00DE95D4 /* ErrorResponse.swift in Sources */,
				8435ACCB244722DD00E30252 /* MovieDetailRepository.swift in Sources */,
				843296C9244459B600DE95D4 /* BaseModel.swift in Sources */,
				843296D82444651800DE95D4 /* BindableType.swift in Sources */,
				843296CD24445B0900DE95D4 /* MovieResponse.swift in Sources */,
				843296BF2444574200DE95D4 /* CustomRequestAdapter.swift in Sources */,
				8435ACCD244723DD00E30252 /* MovieDetailRequest.swift in Sources */,
				8435ACC82446FDE600E30252 /* MovieCell.swift in Sources */,
				842C0E2E244AC07300FAEC07 /* ValidateTokenRequest.swift in Sources */,
				843296DA2444699A00DE95D4 /* MainViewModel.swift in Sources */,
				842C0E2A244ABB4E00FAEC07 /* CreateTokenRequest.swift in Sources */,
				843296CB244459DA00DE95D4 /* Movie.swift in Sources */,
				843296BA244452B700DE95D4 /* APIService.swift in Sources */,
				843296E224447AE200DE95D4 /* MovieDetailViewModel.swift in Sources */,
				843296C72444582A00DE95D4 /* HTTPStatusCode.swift in Sources */,
				842C0E2C244ABDD800FAEC07 /* CreateSessionRequest.swift in Sources */,
				843296C32444579600DE95D4 /* BaseError.swift in Sources */,
				8438BEC0244997DA003FC364 /* LoginViewController.swift in Sources */,
				843296B32444442300DE95D4 /* Constant.swift in Sources */,
			);
			runOnlyForDeploymentPostprocessing = 0;
		};
		8432969C24440E5F00DE95D4 /* Sources */ = {
			isa = PBXSourcesBuildPhase;
			buildActionMask = 2147483647;
			files = (
				843296A524440E5F00DE95D4 /* FilmMVVMTests.swift in Sources */,
			);
			runOnlyForDeploymentPostprocessing = 0;
		};
/* End PBXSourcesBuildPhase section */

/* Begin PBXTargetDependency section */
		843296A224440E5F00DE95D4 /* PBXTargetDependency */ = {
			isa = PBXTargetDependency;
			target = 8432968924440E5B00DE95D4 /* FilmMVVM */;
			targetProxy = 843296A124440E5F00DE95D4 /* PBXContainerItemProxy */;
		};
/* End PBXTargetDependency section */

/* Begin PBXVariantGroup section */
		8432969324440E5B00DE95D4 /* Main.storyboard */ = {
			isa = PBXVariantGroup;
			children = (
				8432969424440E5B00DE95D4 /* Base */,
			);
			name = Main.storyboard;
			sourceTree = "<group>";
		};
		8432969824440E5F00DE95D4 /* LaunchScreen.storyboard */ = {
			isa = PBXVariantGroup;
			children = (
				8432969924440E5F00DE95D4 /* Base */,
			);
			name = LaunchScreen.storyboard;
			sourceTree = "<group>";
		};
/* End PBXVariantGroup section */

/* Begin XCBuildConfiguration section */
		843296A724440E5F00DE95D4 /* Debug */ = {
			isa = XCBuildConfiguration;
			buildSettings = {
				ALWAYS_SEARCH_USER_PATHS = NO;
				CLANG_ANALYZER_NONNULL = YES;
				CLANG_ANALYZER_NUMBER_OBJECT_CONVERSION = YES_AGGRESSIVE;
				CLANG_CXX_LANGUAGE_STANDARD = "gnu++14";
				CLANG_CXX_LIBRARY = "libc++";
				CLANG_ENABLE_MODULES = YES;
				CLANG_ENABLE_OBJC_ARC = YES;
				CLANG_ENABLE_OBJC_WEAK = YES;
				CLANG_WARN_BLOCK_CAPTURE_AUTORELEASING = YES;
				CLANG_WARN_BOOL_CONVERSION = YES;
				CLANG_WARN_COMMA = YES;
				CLANG_WARN_CONSTANT_CONVERSION = YES;
				CLANG_WARN_DEPRECATED_OBJC_IMPLEMENTATIONS = YES;
				CLANG_WARN_DIRECT_OBJC_ISA_USAGE = YES_ERROR;
				CLANG_WARN_DOCUMENTATION_COMMENTS = YES;
				CLANG_WARN_EMPTY_BODY = YES;
				CLANG_WARN_ENUM_CONVERSION = YES;
				CLANG_WARN_INFINITE_RECURSION = YES;
				CLANG_WARN_INT_CONVERSION = YES;
				CLANG_WARN_NON_LITERAL_NULL_CONVERSION = YES;
				CLANG_WARN_OBJC_IMPLICIT_RETAIN_SELF = YES;
				CLANG_WARN_OBJC_LITERAL_CONVERSION = YES;
				CLANG_WARN_OBJC_ROOT_CLASS = YES_ERROR;
				CLANG_WARN_RANGE_LOOP_ANALYSIS = YES;
				CLANG_WARN_STRICT_PROTOTYPES = YES;
				CLANG_WARN_SUSPICIOUS_MOVE = YES;
				CLANG_WARN_UNGUARDED_AVAILABILITY = YES_AGGRESSIVE;
				CLANG_WARN_UNREACHABLE_CODE = YES;
				CLANG_WARN__DUPLICATE_METHOD_MATCH = YES;
				COPY_PHASE_STRIP = NO;
				DEBUG_INFORMATION_FORMAT = dwarf;
				ENABLE_STRICT_OBJC_MSGSEND = YES;
				ENABLE_TESTABILITY = YES;
				GCC_C_LANGUAGE_STANDARD = gnu11;
				GCC_DYNAMIC_NO_PIC = NO;
				GCC_NO_COMMON_BLOCKS = YES;
				GCC_OPTIMIZATION_LEVEL = 0;
				GCC_PREPROCESSOR_DEFINITIONS = (
					"DEBUG=1",
					"$(inherited)",
				);
				GCC_WARN_64_TO_32_BIT_CONVERSION = YES;
				GCC_WARN_ABOUT_RETURN_TYPE = YES_ERROR;
				GCC_WARN_UNDECLARED_SELECTOR = YES;
				GCC_WARN_UNINITIALIZED_AUTOS = YES_AGGRESSIVE;
				GCC_WARN_UNUSED_FUNCTION = YES;
				GCC_WARN_UNUSED_VARIABLE = YES;
				IPHONEOS_DEPLOYMENT_TARGET = 13.4;
				MTL_ENABLE_DEBUG_INFO = INCLUDE_SOURCE;
				MTL_FAST_MATH = YES;
				ONLY_ACTIVE_ARCH = YES;
				SDKROOT = iphoneos;
				SWIFT_ACTIVE_COMPILATION_CONDITIONS = DEBUG;
				SWIFT_OPTIMIZATION_LEVEL = "-Onone";
			};
			name = Debug;
		};
		843296A824440E5F00DE95D4 /* Release */ = {
			isa = XCBuildConfiguration;
			buildSettings = {
				ALWAYS_SEARCH_USER_PATHS = NO;
				CLANG_ANALYZER_NONNULL = YES;
				CLANG_ANALYZER_NUMBER_OBJECT_CONVERSION = YES_AGGRESSIVE;
				CLANG_CXX_LANGUAGE_STANDARD = "gnu++14";
				CLANG_CXX_LIBRARY = "libc++";
				CLANG_ENABLE_MODULES = YES;
				CLANG_ENABLE_OBJC_ARC = YES;
				CLANG_ENABLE_OBJC_WEAK = YES;
				CLANG_WARN_BLOCK_CAPTURE_AUTORELEASING = YES;
				CLANG_WARN_BOOL_CONVERSION = YES;
				CLANG_WARN_COMMA = YES;
				CLANG_WARN_CONSTANT_CONVERSION = YES;
				CLANG_WARN_DEPRECATED_OBJC_IMPLEMENTATIONS = YES;
				CLANG_WARN_DIRECT_OBJC_ISA_USAGE = YES_ERROR;
				CLANG_WARN_DOCUMENTATION_COMMENTS = YES;
				CLANG_WARN_EMPTY_BODY = YES;
				CLANG_WARN_ENUM_CONVERSION = YES;
				CLANG_WARN_INFINITE_RECURSION = YES;
				CLANG_WARN_INT_CONVERSION = YES;
				CLANG_WARN_NON_LITERAL_NULL_CONVERSION = YES;
				CLANG_WARN_OBJC_IMPLICIT_RETAIN_SELF = YES;
				CLANG_WARN_OBJC_LITERAL_CONVERSION = YES;
				CLANG_WARN_OBJC_ROOT_CLASS = YES_ERROR;
				CLANG_WARN_RANGE_LOOP_ANALYSIS = YES;
				CLANG_WARN_STRICT_PROTOTYPES = YES;
				CLANG_WARN_SUSPICIOUS_MOVE = YES;
				CLANG_WARN_UNGUARDED_AVAILABILITY = YES_AGGRESSIVE;
				CLANG_WARN_UNREACHABLE_CODE = YES;
				CLANG_WARN__DUPLICATE_METHOD_MATCH = YES;
				COPY_PHASE_STRIP = NO;
				DEBUG_INFORMATION_FORMAT = "dwarf-with-dsym";
				ENABLE_NS_ASSERTIONS = NO;
				ENABLE_STRICT_OBJC_MSGSEND = YES;
				GCC_C_LANGUAGE_STANDARD = gnu11;
				GCC_NO_COMMON_BLOCKS = YES;
				GCC_WARN_64_TO_32_BIT_CONVERSION = YES;
				GCC_WARN_ABOUT_RETURN_TYPE = YES_ERROR;
				GCC_WARN_UNDECLARED_SELECTOR = YES;
				GCC_WARN_UNINITIALIZED_AUTOS = YES_AGGRESSIVE;
				GCC_WARN_UNUSED_FUNCTION = YES;
				GCC_WARN_UNUSED_VARIABLE = YES;
				IPHONEOS_DEPLOYMENT_TARGET = 13.4;
				MTL_ENABLE_DEBUG_INFO = NO;
				MTL_FAST_MATH = YES;
				SDKROOT = iphoneos;
				SWIFT_COMPILATION_MODE = wholemodule;
				SWIFT_OPTIMIZATION_LEVEL = "-O";
				VALIDATE_PRODUCT = YES;
			};
			name = Release;
		};
		843296AA24440E5F00DE95D4 /* Debug */ = {
			isa = XCBuildConfiguration;
			baseConfigurationReference = 45E51128B7AAF730E82B2FE8 /* Pods-FilmMVVM.debug.xcconfig */;
			buildSettings = {
				ASSETCATALOG_COMPILER_APPICON_NAME = AppIcon;
				CODE_SIGN_STYLE = Automatic;
				INFOPLIST_FILE = FilmMVVM/Info.plist;
				IPHONEOS_DEPLOYMENT_TARGET = 10.0;
				LD_RUNPATH_SEARCH_PATHS = (
					"$(inherited)",
					"@executable_path/Frameworks",
				);
				PRODUCT_BUNDLE_IDENTIFIER = com.example.FilmMVVM;
				PRODUCT_NAME = "$(TARGET_NAME)";
				SWIFT_VERSION = 5.0;
				TARGETED_DEVICE_FAMILY = "1,2";
			};
			name = Debug;
		};
		843296AB24440E5F00DE95D4 /* Release */ = {
			isa = XCBuildConfiguration;
			baseConfigurationReference = 41B9C8F70614567BBAD56300 /* Pods-FilmMVVM.release.xcconfig */;
			buildSettings = {
				ASSETCATALOG_COMPILER_APPICON_NAME = AppIcon;
				CODE_SIGN_STYLE = Automatic;
				INFOPLIST_FILE = FilmMVVM/Info.plist;
				IPHONEOS_DEPLOYMENT_TARGET = 10.0;
				LD_RUNPATH_SEARCH_PATHS = (
					"$(inherited)",
					"@executable_path/Frameworks",
				);
				PRODUCT_BUNDLE_IDENTIFIER = com.example.FilmMVVM;
				PRODUCT_NAME = "$(TARGET_NAME)";
				SWIFT_VERSION = 5.0;
				TARGETED_DEVICE_FAMILY = "1,2";
			};
			name = Release;
		};
		843296AD24440E5F00DE95D4 /* Debug */ = {
			isa = XCBuildConfiguration;
			baseConfigurationReference = 03A6F7B83FC91FC6623FDC58 /* Pods-FilmMVVMTests.debug.xcconfig */;
			buildSettings = {
				ALWAYS_EMBED_SWIFT_STANDARD_LIBRARIES = YES;
				BUNDLE_LOADER = "$(TEST_HOST)";
				CODE_SIGN_STYLE = Automatic;
				INFOPLIST_FILE = FilmMVVMTests/Info.plist;
				IPHONEOS_DEPLOYMENT_TARGET = 13.4;
				LD_RUNPATH_SEARCH_PATHS = (
					"$(inherited)",
					"@executable_path/Frameworks",
					"@loader_path/Frameworks",
				);
				PRODUCT_BUNDLE_IDENTIFIER = com.example.FilmMVVMTests;
				PRODUCT_NAME = "$(TARGET_NAME)";
				SWIFT_VERSION = 5.0;
				TARGETED_DEVICE_FAMILY = "1,2";
				TEST_HOST = "$(BUILT_PRODUCTS_DIR)/FilmMVVM.app/FilmMVVM";
			};
			name = Debug;
		};
		843296AE24440E5F00DE95D4 /* Release */ = {
			isa = XCBuildConfiguration;
			baseConfigurationReference = B04554BFE430087E449756AE /* Pods-FilmMVVMTests.release.xcconfig */;
			buildSettings = {
				ALWAYS_EMBED_SWIFT_STANDARD_LIBRARIES = YES;
				BUNDLE_LOADER = "$(TEST_HOST)";
				CODE_SIGN_STYLE = Automatic;
				INFOPLIST_FILE = FilmMVVMTests/Info.plist;
				IPHONEOS_DEPLOYMENT_TARGET = 13.4;
				LD_RUNPATH_SEARCH_PATHS = (
					"$(inherited)",
					"@executable_path/Frameworks",
					"@loader_path/Frameworks",
				);
				PRODUCT_BUNDLE_IDENTIFIER = com.example.FilmMVVMTests;
				PRODUCT_NAME = "$(TARGET_NAME)";
				SWIFT_VERSION = 5.0;
				TARGETED_DEVICE_FAMILY = "1,2";
				TEST_HOST = "$(BUILT_PRODUCTS_DIR)/FilmMVVM.app/FilmMVVM";
			};
			name = Release;
		};
/* End XCBuildConfiguration section */

/* Begin XCConfigurationList section */
		8432968524440E5B00DE95D4 /* Build configuration list for PBXProject "FilmMVVM" */ = {
			isa = XCConfigurationList;
			buildConfigurations = (
				843296A724440E5F00DE95D4 /* Debug */,
				843296A824440E5F00DE95D4 /* Release */,
			);
			defaultConfigurationIsVisible = 0;
			defaultConfigurationName = Release;
		};
		843296A924440E5F00DE95D4 /* Build configuration list for PBXNativeTarget "FilmMVVM" */ = {
			isa = XCConfigurationList;
			buildConfigurations = (
				843296AA24440E5F00DE95D4 /* Debug */,
				843296AB24440E5F00DE95D4 /* Release */,
			);
			defaultConfigurationIsVisible = 0;
			defaultConfigurationName = Release;
		};
		843296AC24440E5F00DE95D4 /* Build configuration list for PBXNativeTarget "FilmMVVMTests" */ = {
			isa = XCConfigurationList;
			buildConfigurations = (
				843296AD24440E5F00DE95D4 /* Debug */,
				843296AE24440E5F00DE95D4 /* Release */,
			);
			defaultConfigurationIsVisible = 0;
			defaultConfigurationName = Release;
		};
/* End XCConfigurationList section */
	};
	rootObject = 8432968224440E5B00DE95D4 /* Project object */;
}
